
Microsoft Visual Studio Solution File, Format Version 12.00
# Visual Studio Version 16
VisualStudioVersion = 16.0.30804.86
MinimumVisualStudioVersion = 10.0.40219.1
Project("{FAE04EC0-301F-11D3-BF4B-00C04F79EFBC}") = "Club_Sportif_WCF", "Club_Sportif_WCF\Club_Sportif_WCF.csproj", "{5EE6A3A4-3222-431C-B605-02E893D4FE5E}"
EndProject
Global
	GlobalSection(SolutionConfigurationPlatforms) = preSolution
		Debug|Any CPU = Debug|Any CPU
		Release|Any CPU = Release|Any CPU
	EndGlobalSection
	GlobalSection(ProjectConfigurationPlatforms) = postSolution
		{5EE6A3A4-3222-431C-B605-02E893D4FE5E}.Debug|Any CPU.ActiveCfg = Debug|Any CPU
		{5EE6A3A4-3222-431C-B605-02E893D4FE5E}.Debug|Any CPU.Build.0 = Debug|Any CPU
		{5EE6A3A4-3222-431C-B605-02E893D4FE5E}.Release|Any CPU.ActiveCfg = Release|Any CPU
		{5EE6A3A4-3222-431C-B605-02E893D4FE5E}.Release|Any CPU.Build.0 = Release|Any CPU
	EndGlobalSection
	GlobalSection(SolutionProperties) = preSolution
		HideSolutionNode = FALSE
	EndGlobalSection
	GlobalSection(ExtensibilityGlobals) = postSolution
		SolutionGuid = {0C5D7B5A-127C-48B4-A543-32DFFA18AFC4}
	EndGlobalSection
EndGlobal
